{
  "name": "@unmeta-templates/apollo",
  "version": "0.0.1",
  "lockfileVersion": 1,
  "requires": true,
  "dependencies": {
    "@gen-codes/json-transformer": {
      "version": "1.0.11",
      "resolved": "https://registry.npmjs.org/@gen-codes/json-transformer/-/json-transformer-1.0.11.tgz",
      "integrity": "sha512-+bMLOB7CaMK3PJdhmAkjsmOg2LQJjQA1v+If6YSQEMMrk2mkIg4CN2J/wdY1xQ1YCgPVp+7V2mYg2ewDvMkhuA==",
      "requires": {
        "json-query": "2.2.2"
      }
    },
    "json-query": {
      "version": "2.2.2",
      "resolved": "https://registry.npmjs.org/json-query/-/json-query-2.2.2.tgz",
      "integrity": "sha1-tlWLijeUzNIXkmqjgCQyS3e0irE="
    }
  }
}
